// !$*UTF8*$!
{
	archiveVersion = 1;
	classes = {
	};
	objectVersion = 50;
	objects = {

/* Begin PBXBuildFile section */
		D2053CD128368BE10085FAFB /* ThemePicker.swift in Sources */ = {isa = PBXBuildFile; fileRef = D2053CD028368BE10085FAFB /* ThemePicker.swift */; };
		D2199F452864ADD9009FD0B8 /* AVPlayer+Ding.swift in Sources */ = {isa = PBXBuildFile; fileRef = D2199F432864ADD9009FD0B8 /* AVPlayer+Ding.swift */; };
		D2199F462864ADD9009FD0B8 /* ScrumTimer.swift in Sources */ = {isa = PBXBuildFile; fileRef = D2199F442864ADD9009FD0B8 /* ScrumTimer.swift */; };
		D23BC9DF2863AE0400BCD75D /* ScrumProgressViewStyle.swift in Sources */ = {isa = PBXBuildFile; fileRef = D23BC9DE2863AE0400BCD75D /* ScrumProgressViewStyle.swift */; };
		D244122726BC2CCE004865D6 /* DailyScrum.swift in Sources */ = {isa = PBXBuildFile; fileRef = D244122626BC2CCE004865D6 /* DailyScrum.swift */; };
		D244122926BC2F15004865D6 /* CardView.swift in Sources */ = {isa = PBXBuildFile; fileRef = D244122826BC2F15004865D6 /* CardView.swift */; };
		D27D476E26BFEC07009E6512 /* ScrumsView.swift in Sources */ = {isa = PBXBuildFile; fileRef = D27D476D26BFEC07009E6512 /* ScrumsView.swift */; };
		D27D477026BFF0CE009E6512 /* Color+Codable.swift in Sources */ = {isa = PBXBuildFile; fileRef = D27D476F26BFF0CE009E6512 /* Color+Codable.swift */; };
		D27D477226C01881009E6512 /* DetailView.swift in Sources */ = {isa = PBXBuildFile; fileRef = D27D477126C01881009E6512 /* DetailView.swift */; };
		D292D98F2835795E0088F515 /* Theme.swift in Sources */ = {isa = PBXBuildFile; fileRef = D292D98E2835795E0088F515 /* Theme.swift */; };
		D292D991283588E40088F515 /* DetailEditView.swift in Sources */ = {isa = PBXBuildFile; fileRef = D292D990283588E40088F515 /* DetailEditView.swift */; };
		D292D995283599550088F515 /* ThemeView.swift in Sources */ = {isa = PBXBuildFile; fileRef = D292D994283599550088F515 /* ThemeView.swift */; };
		D2B72FB92863A5BC0097202F /* MeethingHeaderView.swift in Sources */ = {isa = PBXBuildFile; fileRef = D2B72FB82863A5BC0097202F /* MeethingHeaderView.swift */; };
		D2F4E9B426BBD12F00D0CE9D /* ScrumdingerApp.swift in Sources */ = {isa = PBXBuildFile; fileRef = D2F4E9B326BBD12F00D0CE9D /* ScrumdingerApp.swift */; };
		D2F4E9B626BBD12F00D0CE9D /* MeetingView.swift in Sources */ = {isa = PBXBuildFile; fileRef = D2F4E9B526BBD12F00D0CE9D /* MeetingView.swift */; };
		D2F4E9B826BBD13000D0CE9D /* Assets.xcassets in Resources */ = {isa = PBXBuildFile; fileRef = D2F4E9B726BBD13000D0CE9D /* Assets.xcassets */; };
		D2F4E9BB26BBD13000D0CE9D /* Preview Assets.xcassets in Resources */ = {isa = PBXBuildFile; fileRef = D2F4E9BA26BBD13000D0CE9D /* Preview Assets.xcassets */; };
		D2F4E9C626BBD13000D0CE9D /* ScrumdingerTests.swift in Sources */ = {isa = PBXBuildFile; fileRef = D2F4E9C526BBD13000D0CE9D /* ScrumdingerTests.swift */; };
		D2F4E9D126BBD13000D0CE9D /* ScrumdingerUITests.swift in Sources */ = {isa = PBXBuildFile; fileRef = D2F4E9D026BBD13000D0CE9D /* ScrumdingerUITests.swift */; };
/* End PBXBuildFile section */

/* Begin PBXContainerItemProxy section */
		D2F4E9C226BBD13000D0CE9D /* PBXContainerItemProxy */ = {
			isa = PBXContainerItemProxy;
			containerPortal = D2F4E9A826BBD12F00D0CE9D /* Project object */;
			proxyType = 1;
			remoteGlobalIDString = D2F4E9AF26BBD12F00D0CE9D;
			remoteInfo = Scrumdinger;
		};
		D2F4E9CD26BBD13000D0CE9D /* PBXContainerItemProxy */ = {
			isa = PBXContainerItemProxy;
			containerPortal = D2F4E9A826BBD12F00D0CE9D /* Project object */;
			proxyType = 1;
			remoteGlobalIDString = D2F4E9AF26BBD12F00D0CE9D;
			remoteInfo = Scrumdinger;
		};
/* End PBXContainerItemProxy section */

/* Begin PBXFileReference section */
		D2053CD028368BE10085FAFB /* ThemePicker.swift */ = {isa = PBXFileReference; lastKnownFileType = sourcecode.swift; path = ThemePicker.swift; sourceTree = "<group>"; };
		D2199F432864ADD9009FD0B8 /* AVPlayer+Ding.swift */ = {isa = PBXFileReference; fileEncoding = 4; lastKnownFileType = sourcecode.swift; path = "AVPlayer+Ding.swift"; sourceTree = "<group>"; };
		D2199F442864ADD9009FD0B8 /* ScrumTimer.swift */ = {isa = PBXFileReference; fileEncoding = 4; lastKnownFileType = sourcecode.swift; path = ScrumTimer.swift; sourceTree = "<group>"; };
		D23BC9DE2863AE0400BCD75D /* ScrumProgressViewStyle.swift */ = {isa = PBXFileReference; fileEncoding = 4; lastKnownFileType = sourcecode.swift; path = ScrumProgressViewStyle.swift; sourceTree = "<group>"; };
		D244122626BC2CCE004865D6 /* DailyScrum.swift */ = {isa = PBXFileReference; lastKnownFileType = sourcecode.swift; path = DailyScrum.swift; sourceTree = "<group>"; };
		D244122826BC2F15004865D6 /* CardView.swift */ = {isa = PBXFileReference; lastKnownFileType = sourcecode.swift; path = CardView.swift; sourceTree = "<group>"; };
		D27D476D26BFEC07009E6512 /* ScrumsView.swift */ = {isa = PBXFileReference; lastKnownFileType = sourcecode.swift; path = ScrumsView.swift; sourceTree = "<group>"; };
		D27D476F26BFF0CE009E6512 /* Color+Codable.swift */ = {isa = PBXFileReference; fileEncoding = 4; lastKnownFileType = sourcecode.swift; path = "Color+Codable.swift"; sourceTree = "<group>"; };
		D27D477126C01881009E6512 /* DetailView.swift */ = {isa = PBXFileReference; lastKnownFileType = sourcecode.swift; path = DetailView.swift; sourceTree = "<group>"; };
		D292D98E2835795E0088F515 /* Theme.swift */ = {isa = PBXFileReference; lastKnownFileType = sourcecode.swift; path = Theme.swift; sourceTree = "<group>"; };
		D292D990283588E40088F515 /* DetailEditView.swift */ = {isa = PBXFileReference; lastKnownFileType = sourcecode.swift; path = DetailEditView.swift; sourceTree = "<group>"; };
		D292D994283599550088F515 /* ThemeView.swift */ = {isa = PBXFileReference; lastKnownFileType = sourcecode.swift; path = ThemeView.swift; sourceTree = "<group>"; };
		D2B72FB82863A5BC0097202F /* MeethingHeaderView.swift */ = {isa = PBXFileReference; lastKnownFileType = sourcecode.swift; path = MeethingHeaderView.swift; sourceTree = "<group>"; };
		D2F4E9B026BBD12F00D0CE9D /* Scrumdinger.app */ = {isa = PBXFileReference; explicitFileType = wrapper.application; includeInIndex = 0; path = Scrumdinger.app; sourceTree = BUILT_PRODUCTS_DIR; };
		D2F4E9B326BBD12F00D0CE9D /* ScrumdingerApp.swift */ = {isa = PBXFileReference; lastKnownFileType = sourcecode.swift; path = ScrumdingerApp.swift; sourceTree = "<group>"; };
		D2F4E9B526BBD12F00D0CE9D /* MeetingView.swift */ = {isa = PBXFileReference; lastKnownFileType = sourcecode.swift; path = MeetingView.swift; sourceTree = "<group>"; };
		D2F4E9B726BBD13000D0CE9D /* Assets.xcassets */ = {isa = PBXFileReference; lastKnownFileType = folder.assetcatalog; path = Assets.xcassets; sourceTree = "<group>"; };
		D2F4E9BA26BBD13000D0CE9D /* Preview Assets.xcassets */ = {isa = PBXFileReference; lastKnownFileType = folder.assetcatalog; path = "Preview Assets.xcassets"; sourceTree = "<group>"; };
		D2F4E9BC26BBD13000D0CE9D /* Info.plist */ = {isa = PBXFileReference; lastKnownFileType = text.plist.xml; path = Info.plist; sourceTree = "<group>"; };
		D2F4E9C126BBD13000D0CE9D /* ScrumdingerTests.xctest */ = {isa = PBXFileReference; explicitFileType = wrapper.cfbundle; includeInIndex = 0; path = ScrumdingerTests.xctest; sourceTree = BUILT_PRODUCTS_DIR; };
		D2F4E9C526BBD13000D0CE9D /* ScrumdingerTests.swift */ = {isa = PBXFileReference; lastKnownFileType = sourcecode.swift; path = ScrumdingerTests.swift; sourceTree = "<group>"; };
		D2F4E9C726BBD13000D0CE9D /* Info.plist */ = {isa = PBXFileReference; lastKnownFileType = text.plist.xml; path = Info.plist; sourceTree = "<group>"; };
		D2F4E9CC26BBD13000D0CE9D /* ScrumdingerUITests.xctest */ = {isa = PBXFileReference; explicitFileType = wrapper.cfbundle; includeInIndex = 0; path = ScrumdingerUITests.xctest; sourceTree = BUILT_PRODUCTS_DIR; };
		D2F4E9D026BBD13000D0CE9D /* ScrumdingerUITests.swift */ = {isa = PBXFileReference; lastKnownFileType = sourcecode.swift; path = ScrumdingerUITests.swift; sourceTree = "<group>"; };
		D2F4E9D226BBD13000D0CE9D /* Info.plist */ = {isa = PBXFileReference; lastKnownFileType = text.plist.xml; path = Info.plist; sourceTree = "<group>"; };
/* End PBXFileReference section */

/* Begin PBXFrameworksBuildPhase section */
		D2F4E9AD26BBD12F00D0CE9D /* Frameworks */ = {
			isa = PBXFrameworksBuildPhase;
			buildActionMask = 2147483647;
			files = (
			);
			runOnlyForDeploymentPostprocessing = 0;
		};
		D2F4E9BE26BBD13000D0CE9D /* Frameworks */ = {
			isa = PBXFrameworksBuildPhase;
			buildActionMask = 2147483647;
			files = (
			);
			runOnlyForDeploymentPostprocessing = 0;
		};
		D2F4E9C926BBD13000D0CE9D /* Frameworks */ = {
			isa = PBXFrameworksBuildPhase;
			buildActionMask = 2147483647;
			files = (
			);
			runOnlyForDeploymentPostprocessing = 0;
		};
/* End PBXFrameworksBuildPhase section */

/* Begin PBXGroup section */
		D292D992283599050088F515 /* Models */ = {
			isa = PBXGroup;
			children = (
				D2199F432864ADD9009FD0B8 /* AVPlayer+Ding.swift */,
				D2199F442864ADD9009FD0B8 /* ScrumTimer.swift */,
				D292D98E2835795E0088F515 /* Theme.swift */,
				D244122626BC2CCE004865D6 /* DailyScrum.swift */,
			);
			path = Models;
			sourceTree = "<group>";
		};
		D292D9932835991D0088F515 /* Views */ = {
			isa = PBXGroup;
			children = (
				D23BC9DE2863AE0400BCD75D /* ScrumProgressViewStyle.swift */,
				D27D476D26BFEC07009E6512 /* ScrumsView.swift */,
				D244122826BC2F15004865D6 /* CardView.swift */,
				D27D477126C01881009E6512 /* DetailView.swift */,
				D292D990283588E40088F515 /* DetailEditView.swift */,
				D2F4E9B526BBD12F00D0CE9D /* MeetingView.swift */,
				D292D994283599550088F515 /* ThemeView.swift */,
				D2053CD028368BE10085FAFB /* ThemePicker.swift */,
				D2B72FB82863A5BC0097202F /* MeethingHeaderView.swift */,
			);
			path = Views;
			sourceTree = "<group>";
		};
		D2F4E9A726BBD12F00D0CE9D = {
			isa = PBXGroup;
			children = (
				D2F4E9B226BBD12F00D0CE9D /* Scrumdinger */,
				D2F4E9C426BBD13000D0CE9D /* ScrumdingerTests */,
				D2F4E9CF26BBD13000D0CE9D /* ScrumdingerUITests */,
				D2F4E9B126BBD12F00D0CE9D /* Products */,
			);
			sourceTree = "<group>";
		};
		D2F4E9B126BBD12F00D0CE9D /* Products */ = {
			isa = PBXGroup;
			children = (
				D2F4E9B026BBD12F00D0CE9D /* Scrumdinger.app */,
				D2F4E9C126BBD13000D0CE9D /* ScrumdingerTests.xctest */,
				D2F4E9CC26BBD13000D0CE9D /* ScrumdingerUITests.xctest */,
			);
			name = Products;
			sourceTree = "<group>";
		};
		D2F4E9B226BBD12F00D0CE9D /* Scrumdinger */ = {
			isa = PBXGroup;
			children = (
				D292D9932835991D0088F515 /* Views */,
				D292D992283599050088F515 /* Models */,
				D2F4E9B326BBD12F00D0CE9D /* ScrumdingerApp.swift */,
				D2F4E9B726BBD13000D0CE9D /* Assets.xcassets */,
				D2F4E9BC26BBD13000D0CE9D /* Info.plist */,
				D27D476F26BFF0CE009E6512 /* Color+Codable.swift */,
				D2F4E9B926BBD13000D0CE9D /* Preview Content */,
			);
			path = Scrumdinger;
			sourceTree = "<group>";
		};
		D2F4E9B926BBD13000D0CE9D /* Preview Content */ = {
			isa = PBXGroup;
			children = (
				D2F4E9BA26BBD13000D0CE9D /* Preview Assets.xcassets */,
			);
			path = "Preview Content";
			sourceTree = "<group>";
		};
		D2F4E9C426BBD13000D0CE9D /* ScrumdingerTests */ = {
			isa = PBXGroup;
			children = (
				D2F4E9C526BBD13000D0CE9D /* ScrumdingerTests.swift */,
				D2F4E9C726BBD13000D0CE9D /* Info.plist */,
			);
			path = ScrumdingerTests;
			sourceTree = "<group>";
		};
		D2F4E9CF26BBD13000D0CE9D /* ScrumdingerUITests */ = {
			isa = PBXGroup;
			children = (
				D2F4E9D026BBD13000D0CE9D /* ScrumdingerUITests.swift */,
				D2F4E9D226BBD13000D0CE9D /* Info.plist */,
			);
			path = ScrumdingerUITests;
			sourceTree = "<group>";
		};
/* End PBXGroup section */

/* Begin PBXNativeTarget section */
		D2F4E9AF26BBD12F00D0CE9D /* Scrumdinger */ = {
			isa = PBXNativeTarget;
			buildConfigurationList = D2F4E9D526BBD13000D0CE9D /* Build configuration list for PBXNativeTarget "Scrumdinger" */;
			buildPhases = (
				D2F4E9AC26BBD12F00D0CE9D /* Sources */,
				D2F4E9AD26BBD12F00D0CE9D /* Frameworks */,
				D2F4E9AE26BBD12F00D0CE9D /* Resources */,
			);
			buildRules = (
			);
			dependencies = (
			);
			name = Scrumdinger;
			productName = Scrumdinger;
			productReference = D2F4E9B026BBD12F00D0CE9D /* Scrumdinger.app */;
			productType = "com.apple.product-type.application";
		};
		D2F4E9C026BBD13000D0CE9D /* ScrumdingerTests */ = {
			isa = PBXNativeTarget;
			buildConfigurationList = D2F4E9D826BBD13000D0CE9D /* Build configuration list for PBXNativeTarget "ScrumdingerTests" */;
			buildPhases = (
				D2F4E9BD26BBD13000D0CE9D /* Sources */,
				D2F4E9BE26BBD13000D0CE9D /* Frameworks */,
				D2F4E9BF26BBD13000D0CE9D /* Resources */,
			);
			buildRules = (
			);
			dependencies = (
				D2F4E9C326BBD13000D0CE9D /* PBXTargetDependency */,
			);
			name = ScrumdingerTests;
			productName = ScrumdingerTests;
			productReference = D2F4E9C126BBD13000D0CE9D /* ScrumdingerTests.xctest */;
			productType = "com.apple.product-type.bundle.unit-test";
		};
		D2F4E9CB26BBD13000D0CE9D /* ScrumdingerUITests */ = {
			isa = PBXNativeTarget;
			buildConfigurationList = D2F4E9DB26BBD13000D0CE9D /* Build configuration list for PBXNativeTarget "ScrumdingerUITests" */;
			buildPhases = (
				D2F4E9C826BBD13000D0CE9D /* Sources */,
				D2F4E9C926BBD13000D0CE9D /* Frameworks */,
				D2F4E9CA26BBD13000D0CE9D /* Resources */,
			);
			buildRules = (
			);
			dependencies = (
				D2F4E9CE26BBD13000D0CE9D /* PBXTargetDependency */,
			);
			name = ScrumdingerUITests;
			productName = ScrumdingerUITests;
			productReference = D2F4E9CC26BBD13000D0CE9D /* ScrumdingerUITests.xctest */;
			productType = "com.apple.product-type.bundle.ui-testing";
		};
/* End PBXNativeTarget section */

/* Begin PBXProject section */
		D2F4E9A826BBD12F00D0CE9D /* Project object */ = {
			isa = PBXProject;
			attributes = {
				LastSwiftUpdateCheck = 1250;
				LastUpgradeCheck = 1250;
				TargetAttributes = {
					D2F4E9AF26BBD12F00D0CE9D = {
						CreatedOnToolsVersion = 12.5.1;
					};
					D2F4E9C026BBD13000D0CE9D = {
						CreatedOnToolsVersion = 12.5.1;
						TestTargetID = D2F4E9AF26BBD12F00D0CE9D;
					};
					D2F4E9CB26BBD13000D0CE9D = {
						CreatedOnToolsVersion = 12.5.1;
						TestTargetID = D2F4E9AF26BBD12F00D0CE9D;
					};
				};
			};
			buildConfigurationList = D2F4E9AB26BBD12F00D0CE9D /* Build configuration list for PBXProject "Scrumdinger" */;
			compatibilityVersion = "Xcode 9.3";
			developmentRegion = en;
			hasScannedForEncodings = 0;
			knownRegions = (
				en,
				Base,
			);
			mainGroup = D2F4E9A726BBD12F00D0CE9D;
			productRefGroup = D2F4E9B126BBD12F00D0CE9D /* Products */;
			projectDirPath = "";
			projectRoot = "";
			targets = (
				D2F4E9AF26BBD12F00D0CE9D /* Scrumdinger */,
				D2F4E9C026BBD13000D0CE9D /* ScrumdingerTests */,
				D2F4E9CB26BBD13000D0CE9D /* ScrumdingerUITests */,
			);
		};
/* End PBXProject section */

/* Begin PBXResourcesBuildPhase section */
		D2F4E9AE26BBD12F00D0CE9D /* Resources */ = {
			isa = PBXResourcesBuildPhase;
			buildActionMask = 2147483647;
			files = (
				D2F4E9BB26BBD13000D0CE9D /* Preview Assets.xcassets in Resources */,
				D2F4E9B826BBD13000D0CE9D /* Assets.xcassets in Resources */,
			);
			runOnlyForDeploymentPostprocessing = 0;
		};
		D2F4E9BF26BBD13000D0CE9D /* Resources */ = {
			isa = PBXResourcesBuildPhase;
			buildActionMask = 2147483647;
			files = (
			);
			runOnlyForDeploymentPostprocessing = 0;
		};
		D2F4E9CA26BBD13000D0CE9D /* Resources */ = {
			isa = PBXResourcesBuildPhase;
			buildActionMask = 2147483647;
			files = (
			);
			runOnlyForDeploymentPostprocessing = 0;
		};
/* End PBXResourcesBuildPhase section */

/* Begin PBXSourcesBuildPhase section */
		D2F4E9AC26BBD12F00D0CE9D /* Sources */ = {
			isa = PBXSourcesBuildPhase;
			buildActionMask = 2147483647;
			files = (
				D2053CD128368BE10085FAFB /* ThemePicker.swift in Sources */,
				D23BC9DF2863AE0400BCD75D /* ScrumProgressViewStyle.swift in Sources */,
				D292D98F2835795E0088F515 /* Theme.swift in Sources */,
				D2F4E9B626BBD12F00D0CE9D /* MeetingView.swift in Sources */,
				D27D476E26BFEC07009E6512 /* ScrumsView.swift in Sources */,
				D2B72FB92863A5BC0097202F /* MeethingHeaderView.swift in Sources */,
				D244122726BC2CCE004865D6 /* DailyScrum.swift in Sources */,
				D27D477226C01881009E6512 /* DetailView.swift in Sources */,
				D244122926BC2F15004865D6 /* CardView.swift in Sources */,
				D2199F462864ADD9009FD0B8 /* ScrumTimer.swift in Sources */,
				D2199F452864ADD9009FD0B8 /* AVPlayer+Ding.swift in Sources */,
				D292D991283588E40088F515 /* DetailEditView.swift in Sources */,
				D27D477026BFF0CE009E6512 /* Color+Codable.swift in Sources */,
				D292D995283599550088F515 /* ThemeView.swift in Sources */,
				D2F4E9B426BBD12F00D0CE9D /* ScrumdingerApp.swift in Sources */,
			);
			runOnlyForDeploymentPostprocessing = 0;
		};
		D2F4E9BD26BBD13000D0CE9D /* Sources */ = {
			isa = PBXSourcesBuildPhase;
			buildActionMask = 2147483647;
			files = (
				D2F4E9C626BBD13000D0CE9D /* ScrumdingerTests.swift in Sources */,
			);
			runOnlyForDeploymentPostprocessing = 0;
		};
		D2F4E9C826BBD13000D0CE9D /* Sources */ = {
			isa = PBXSourcesBuildPhase;
			buildActionMask = 2147483647;
			files = (
				D2F4E9D126BBD13000D0CE9D /* ScrumdingerUITests.swift in Sources */,
			);
			runOnlyForDeploymentPostprocessing = 0;
		};
/* End PBXSourcesBuildPhase section */

/* Begin PBXTargetDependency section */
		D2F4E9C326BBD13000D0CE9D /* PBXTargetDependency */ = {
			isa = PBXTargetDependency;
			target = D2F4E9AF26BBD12F00D0CE9D /* Scrumdinger */;
			targetProxy = D2F4E9C226BBD13000D0CE9D /* PBXContainerItemProxy */;
		};
		D2F4E9CE26BBD13000D0CE9D /* PBXTargetDependency */ = {
			isa = PBXTargetDependency;
			target = D2F4E9AF26BBD12F00D0CE9D /* Scrumdinger */;
			targetProxy = D2F4E9CD26BBD13000D0CE9D /* PBXContainerItemProxy */;
		};
/* End PBXTargetDependency section */

/* Begin XCBuildConfiguration section */
		D2F4E9D326BBD13000D0CE9D /* Debug */ = {
			isa = XCBuildConfiguration;
			buildSettings = {
				ALWAYS_SEARCH_USER_PATHS = NO;
				CLANG_ANALYZER_NONNULL = YES;
				CLANG_ANALYZER_NUMBER_OBJECT_CONVERSION = YES_AGGRESSIVE;
				CLANG_CXX_LANGUAGE_STANDARD = "gnu++14";
				CLANG_CXX_LIBRARY = "libc++";
				CLANG_ENABLE_MODULES = YES;
				CLANG_ENABLE_OBJC_ARC = YES;
				CLANG_ENABLE_OBJC_WEAK = YES;
				CLANG_WARN_BLOCK_CAPTURE_AUTORELEASING = YES;
				CLANG_WARN_BOOL_CONVERSION = YES;
				CLANG_WARN_COMMA = YES;
				CLANG_WARN_CONSTANT_CONVERSION = YES;
				CLANG_WARN_DEPRECATED_OBJC_IMPLEMENTATIONS = YES;
				CLANG_WARN_DIRECT_OBJC_ISA_USAGE = YES_ERROR;
				CLANG_WARN_DOCUMENTATION_COMMENTS = YES;
				CLANG_WARN_EMPTY_BODY = YES;
				CLANG_WARN_ENUM_CONVERSION = YES;
				CLANG_WARN_INFINITE_RECURSION = YES;
				CLANG_WARN_INT_CONVERSION = YES;
				CLANG_WARN_NON_LITERAL_NULL_CONVERSION = YES;
				CLANG_WARN_OBJC_IMPLICIT_RETAIN_SELF = YES;
				CLANG_WARN_OBJC_LITERAL_CONVERSION = YES;
				CLANG_WARN_OBJC_ROOT_CLASS = YES_ERROR;
				CLANG_WARN_QUOTED_INCLUDE_IN_FRAMEWORK_HEADER = YES;
				CLANG_WARN_RANGE_LOOP_ANALYSIS = YES;
				CLANG_WARN_STRICT_PROTOTYPES = YES;
				CLANG_WARN_SUSPICIOUS_MOVE = YES;
				CLANG_WARN_UNGUARDED_AVAILABILITY = YES_AGGRESSIVE;
				CLANG_WARN_UNREACHABLE_CODE = YES;
				CLANG_WARN__DUPLICATE_METHOD_MATCH = YES;
				COPY_PHASE_STRIP = NO;
				DEBUG_INFORMATION_FORMAT = dwarf;
				ENABLE_STRICT_OBJC_MSGSEND = YES;
				ENABLE_TESTABILITY = YES;
				GCC_C_LANGUAGE_STANDARD = gnu11;
				GCC_DYNAMIC_NO_PIC = NO;
				GCC_NO_COMMON_BLOCKS = YES;
				GCC_OPTIMIZATION_LEVEL = 0;
				GCC_PREPROCESSOR_DEFINITIONS = (
					"DEBUG=1",
					"$(inherited)",
				);
				GCC_WARN_64_TO_32_BIT_CONVERSION = YES;
				GCC_WARN_ABOUT_RETURN_TYPE = YES_ERROR;
				GCC_WARN_UNDECLARED_SELECTOR = YES;
				GCC_WARN_UNINITIALIZED_AUTOS = YES_AGGRESSIVE;
				GCC_WARN_UNUSED_FUNCTION = YES;
				GCC_WARN_UNUSED_VARIABLE = YES;
				IPHONEOS_DEPLOYMENT_TARGET = 14.5;
				MTL_ENABLE_DEBUG_INFO = INCLUDE_SOURCE;
				MTL_FAST_MATH = YES;
				ONLY_ACTIVE_ARCH = YES;
				SDKROOT = iphoneos;
				SWIFT_ACTIVE_COMPILATION_CONDITIONS = DEBUG;
				SWIFT_OPTIMIZATION_LEVEL = "-Onone";
			};
			name = Debug;
		};
		D2F4E9D426BBD13000D0CE9D /* Release */ = {
			isa = XCBuildConfiguration;
			buildSettings = {
				ALWAYS_SEARCH_USER_PATHS = NO;
				CLANG_ANALYZER_NONNULL = YES;
				CLANG_ANALYZER_NUMBER_OBJECT_CONVERSION = YES_AGGRESSIVE;
				CLANG_CXX_LANGUAGE_STANDARD = "gnu++14";
				CLANG_CXX_LIBRARY = "libc++";
				CLANG_ENABLE_MODULES = YES;
				CLANG_ENABLE_OBJC_ARC = YES;
				CLANG_ENABLE_OBJC_WEAK = YES;
				CLANG_WARN_BLOCK_CAPTURE_AUTORELEASING = YES;
				CLANG_WARN_BOOL_CONVERSION = YES;
				CLANG_WARN_COMMA = YES;
				CLANG_WARN_CONSTANT_CONVERSION = YES;
				CLANG_WARN_DEPRECATED_OBJC_IMPLEMENTATIONS = YES;
				CLANG_WARN_DIRECT_OBJC_ISA_USAGE = YES_ERROR;
				CLANG_WARN_DOCUMENTATION_COMMENTS = YES;
				CLANG_WARN_EMPTY_BODY = YES;
				CLANG_WARN_ENUM_CONVERSION = YES;
				CLANG_WARN_INFINITE_RECURSION = YES;
				CLANG_WARN_INT_CONVERSION = YES;
				CLANG_WARN_NON_LITERAL_NULL_CONVERSION = YES;
				CLANG_WARN_OBJC_IMPLICIT_RETAIN_SELF = YES;
				CLANG_WARN_OBJC_LITERAL_CONVERSION = YES;
				CLANG_WARN_OBJC_ROOT_CLASS = YES_ERROR;
				CLANG_WARN_QUOTED_INCLUDE_IN_FRAMEWORK_HEADER = YES;
				CLANG_WARN_RANGE_LOOP_ANALYSIS = YES;
				CLANG_WARN_STRICT_PROTOTYPES = YES;
				CLANG_WARN_SUSPICIOUS_MOVE = YES;
				CLANG_WARN_UNGUARDED_AVAILABILITY = YES_AGGRESSIVE;
				CLANG_WARN_UNREACHABLE_CODE = YES;
				CLANG_WARN__DUPLICATE_METHOD_MATCH = YES;
				COPY_PHASE_STRIP = NO;
				DEBUG_INFORMATION_FORMAT = "dwarf-with-dsym";
				ENABLE_NS_ASSERTIONS = NO;
				ENABLE_STRICT_OBJC_MSGSEND = YES;
				GCC_C_LANGUAGE_STANDARD = gnu11;
				GCC_NO_COMMON_BLOCKS = YES;
				GCC_WARN_64_TO_32_BIT_CONVERSION = YES;
				GCC_WARN_ABOUT_RETURN_TYPE = YES_ERROR;
				GCC_WARN_UNDECLARED_SELECTOR = YES;
				GCC_WARN_UNINITIALIZED_AUTOS = YES_AGGRESSIVE;
				GCC_WARN_UNUSED_FUNCTION = YES;
				GCC_WARN_UNUSED_VARIABLE = YES;
				IPHONEOS_DEPLOYMENT_TARGET = 14.5;
				MTL_ENABLE_DEBUG_INFO = NO;
				MTL_FAST_MATH = YES;
				SDKROOT = iphoneos;
				SWIFT_COMPILATION_MODE = wholemodule;
				SWIFT_OPTIMIZATION_LEVEL = "-O";
				VALIDATE_PRODUCT = YES;
			};
			name = Release;
		};
		D2F4E9D626BBD13000D0CE9D /* Debug */ = {
			isa = XCBuildConfiguration;
			buildSettings = {
				ASSETCATALOG_COMPILER_APPICON_NAME = AppIcon;
				ASSETCATALOG_COMPILER_GLOBAL_ACCENT_COLOR_NAME = AccentColor;
				CODE_SIGN_STYLE = Automatic;
				DEVELOPMENT_ASSET_PATHS = "\"Scrumdinger/Preview Content\"";
				DEVELOPMENT_TEAM = KA6DM975X6;
				ENABLE_PREVIEWS = YES;
				INFOPLIST_FILE = Scrumdinger/Info.plist;
				IPHONEOS_DEPLOYMENT_TARGET = 14.0;
				LD_RUNPATH_SEARCH_PATHS = (
					"$(inherited)",
					"@executable_path/Frameworks",
				);
				PRODUCT_BUNDLE_IDENTIFIER = "com.-.anagha.Scrumdinger";
				PRODUCT_NAME = "$(TARGET_NAME)";
				SWIFT_VERSION = 5.0;
				TARGETED_DEVICE_FAMILY = "1,2";
			};
			name = Debug;
		};
		D2F4E9D726BBD13000D0CE9D /* Release */ = {
			isa = XCBuildConfiguration;
			buildSettings = {
				ASSETCATALOG_COMPILER_APPICON_NAME = AppIcon;
				ASSETCATALOG_COMPILER_GLOBAL_ACCENT_COLOR_NAME = AccentColor;
				CODE_SIGN_STYLE = Automatic;
				DEVELOPMENT_ASSET_PATHS = "\"Scrumdinger/Preview Content\"";
				DEVELOPMENT_TEAM = KA6DM975X6;
				ENABLE_PREVIEWS = YES;
				INFOPLIST_FILE = Scrumdinger/Info.plist;
				IPHONEOS_DEPLOYMENT_TARGET = 14.0;
				LD_RUNPATH_SEARCH_PATHS = (
					"$(inherited)",
					"@executable_path/Frameworks",
				);
				PRODUCT_BUNDLE_IDENTIFIER = "com.-.anagha.Scrumdinger";
				PRODUCT_NAME = "$(TARGET_NAME)";
				SWIFT_VERSION = 5.0;
				TARGETED_DEVICE_FAMILY = "1,2";
			};
			name = Release;
		};
		D2F4E9D926BBD13000D0CE9D /* Debug */ = {
			isa = XCBuildConfiguration;
			buildSettings = {
				ALWAYS_EMBED_SWIFT_STANDARD_LIBRARIES = YES;
				BUNDLE_LOADER = "$(TEST_HOST)";
				CODE_SIGN_STYLE = Automatic;
				DEVELOPMENT_TEAM = KA6DM975X6;
				INFOPLIST_FILE = ScrumdingerTests/Info.plist;
				IPHONEOS_DEPLOYMENT_TARGET = 14.0;
				LD_RUNPATH_SEARCH_PATHS = (
					"$(inherited)",
					"@executable_path/Frameworks",
					"@loader_path/Frameworks",
				);
				PRODUCT_BUNDLE_IDENTIFIER = "com.-.anagha.ScrumdingerTests";
				PRODUCT_NAME = "$(TARGET_NAME)";
				SWIFT_VERSION = 5.0;
				TARGETED_DEVICE_FAMILY = "1,2";
				TEST_HOST = "$(BUILT_PRODUCTS_DIR)/Scrumdinger.app/Scrumdinger";
			};
			name = Debug;
		};
		D2F4E9DA26BBD13000D0CE9D /* Release */ = {
			isa = XCBuildConfiguration;
			buildSettings = {
				ALWAYS_EMBED_SWIFT_STANDARD_LIBRARIES = YES;
				BUNDLE_LOADER = "$(TEST_HOST)";
				CODE_SIGN_STYLE = Automatic;
				DEVELOPMENT_TEAM = KA6DM975X6;
				INFOPLIST_FILE = ScrumdingerTests/Info.plist;
				IPHONEOS_DEPLOYMENT_TARGET = 14.0;
				LD_RUNPATH_SEARCH_PATHS = (
					"$(inherited)",
					"@executable_path/Frameworks",
					"@loader_path/Frameworks",
				);
				PRODUCT_BUNDLE_IDENTIFIER = "com.-.anagha.ScrumdingerTests";
				PRODUCT_NAME = "$(TARGET_NAME)";
				SWIFT_VERSION = 5.0;
				TARGETED_DEVICE_FAMILY = "1,2";
				TEST_HOST = "$(BUILT_PRODUCTS_DIR)/Scrumdinger.app/Scrumdinger";
			};
			name = Release;
		};
		D2F4E9DC26BBD13000D0CE9D /* Debug */ = {
			isa = XCBuildConfiguration;
			buildSettings = {
				ALWAYS_EMBED_SWIFT_STANDARD_LIBRARIES = YES;
				CODE_SIGN_STYLE = Automatic;
				DEVELOPMENT_TEAM = KA6DM975X6;
				INFOPLIST_FILE = ScrumdingerUITests/Info.plist;
				LD_RUNPATH_SEARCH_PATHS = (
					"$(inherited)",
					"@executable_path/Frameworks",
					"@loader_path/Frameworks",
				);
				PRODUCT_BUNDLE_IDENTIFIER = "com.-.anagha.ScrumdingerUITests";
				PRODUCT_NAME = "$(TARGET_NAME)";
				SWIFT_VERSION = 5.0;
				TARGETED_DEVICE_FAMILY = "1,2";
				TEST_TARGET_NAME = Scrumdinger;
			};
			name = Debug;
		};
		D2F4E9DD26BBD13000D0CE9D /* Release */ = {
			isa = XCBuildConfiguration;
			buildSettings = {
				ALWAYS_EMBED_SWIFT_STANDARD_LIBRARIES = YES;
				CODE_SIGN_STYLE = Automatic;
				DEVELOPMENT_TEAM = KA6DM975X6;
				INFOPLIST_FILE = ScrumdingerUITests/Info.plist;
				LD_RUNPATH_SEARCH_PATHS = (
					"$(inherited)",
					"@executable_path/Frameworks",
					"@loader_path/Frameworks",
				);
				PRODUCT_BUNDLE_IDENTIFIER = "com.-.anagha.ScrumdingerUITests";
				PRODUCT_NAME = "$(TARGET_NAME)";
				SWIFT_VERSION = 5.0;
				TARGETED_DEVICE_FAMILY = "1,2";
				TEST_TARGET_NAME = Scrumdinger;
			};
			name = Release;
		};
/* End XCBuildConfiguration section */

/* Begin XCConfigurationList section */
		D2F4E9AB26BBD12F00D0CE9D /* Build configuration list for PBXProject "Scrumdinger" */ = {
			isa = XCConfigurationList;
			buildConfigurations = (
				D2F4E9D326BBD13000D0CE9D /* Debug */,
				D2F4E9D426BBD13000D0CE9D /* Release */,
			);
			defaultConfigurationIsVisible = 0;
			defaultConfigurationName = Release;
		};
		D2F4E9D526BBD13000D0CE9D /* Build configuration list for PBXNativeTarget "Scrumdinger" */ = {
			isa = XCConfigurationList;
			buildConfigurations = (
				D2F4E9D626BBD13000D0CE9D /* Debug */,
				D2F4E9D726BBD13000D0CE9D /* Release */,
			);
			defaultConfigurationIsVisible = 0;
			defaultConfigurationName = Release;
		};
		D2F4E9D826BBD13000D0CE9D /* Build configuration list for PBXNativeTarget "ScrumdingerTests" */ = {
			isa = XCConfigurationList;
			buildConfigurations = (
				D2F4E9D926BBD13000D0CE9D /* Debug */,
				D2F4E9DA26BBD13000D0CE9D /* Release */,
			);
			defaultConfigurationIsVisible = 0;
			defaultConfigurationName = Release;
		};
		D2F4E9DB26BBD13000D0CE9D /* Build configuration list for PBXNativeTarget "ScrumdingerUITests" */ = {
			isa = XCConfigurationList;
			buildConfigurations = (
				D2F4E9DC26BBD13000D0CE9D /* Debug */,
				D2F4E9DD26BBD13000D0CE9D /* Release */,
			);
			defaultConfigurationIsVisible = 0;
			defaultConfigurationName = Release;
		};
/* End XCConfigurationList section */
	};
	rootObject = D2F4E9A826BBD12F00D0CE9D /* Project object */;
}
